
Microsoft Visual Studio Solution File, Format Version 12.00
# Visual Studio Version 17
VisualStudioVersion = 17.2.32630.192
MinimumVisualStudioVersion = 10.0.40219.1
Project("{9A19103F-16F7-4668-BE54-9A1E7A4F7556}") = "SFUnit13", "SFUnit13\SFUnit13.csproj", "{B921ECA5-2B7C-4D63-91AD-53D99F13A8DF}"
EndProject
Global
	GlobalSection(SolutionConfigurationPlatforms) = preSolution
		Debug|Any CPU = Debug|Any CPU
		Release|Any CPU = Release|Any CPU
	EndGlobalSection
	GlobalSection(ProjectConfigurationPlatforms) = postSolution
		{B921ECA5-2B7C-4D63-91AD-53D99F13A8DF}.Debug|Any CPU.ActiveCfg = Debug|Any CPU
		{B921ECA5-2B7C-4D63-91AD-53D99F13A8DF}.Debug|Any CPU.Build.0 = Debug|Any CPU
		{B921ECA5-2B7C-4D63-91AD-53D99F13A8DF}.Release|Any CPU.ActiveCfg = Release|Any CPU
		{B921ECA5-2B7C-4D63-91AD-53D99F13A8DF}.Release|Any CPU.Build.0 = Release|Any CPU
	EndGlobalSection
	GlobalSection(SolutionProperties) = preSolution
		HideSolutionNode = FALSE
	EndGlobalSection
	GlobalSection(ExtensibilityGlobals) = postSolution
		SolutionGuid = {F57C5EE9-5F51-4A9E-BFE9-6F1500CFDC9F}
	EndGlobalSection
EndGlobal
